
Microsoft Visual Studio Solution File, Format Version 12.00
# Visual Studio Version 17
VisualStudioVersion = 17.4.33403.182
MinimumVisualStudioVersion = 10.0.40219.1
Project("{FAE04EC0-301F-11D3-BF4B-00C04F79EFBC}") = "Inheritance", "Inheritance\Inheritance.csproj", "{31E6DCBC-4712-45EB-85D7-93B6ABC62AF6}"
EndProject
Global
	GlobalSection(SolutionConfigurationPlatforms) = preSolution
		Debug|Any CPU = Debug|Any CPU
		Release|Any CPU = Release|Any CPU
	EndGlobalSection
	GlobalSection(ProjectConfigurationPlatforms) = postSolution
		{31E6DCBC-4712-45EB-85D7-93B6ABC62AF6}.Debug|Any CPU.ActiveCfg = Debug|Any CPU
		{31E6DCBC-4712-45EB-85D7-93B6ABC62AF6}.Debug|Any CPU.Build.0 = Debug|Any CPU
		{31E6DCBC-4712-45EB-85D7-93B6ABC62AF6}.Release|Any CPU.ActiveCfg = Release|Any CPU
		{31E6DCBC-4712-45EB-85D7-93B6ABC62AF6}.Release|Any CPU.Build.0 = Release|Any CPU
	EndGlobalSection
	GlobalSection(SolutionProperties) = preSolution
		HideSolutionNode = FALSE
	EndGlobalSection
	GlobalSection(ExtensibilityGlobals) = postSolution
		SolutionGuid = {D79656CC-3286-4801-ADC1-596D04F0D80B}
	EndGlobalSection
EndGlobal
